
Microsoft Visual Studio Solution File, Format Version 12.00
# Visual Studio 15
VisualStudioVersion = 15.0.28307.136
MinimumVisualStudioVersion = 10.0.40219.1
Project("{FAE04EC0-301F-11D3-BF4B-00C04F79EFBC}") = "SharpCOM", "SharpCOM\SharpCOM.csproj", "{51960F7D-76FE-499F-AFBD-ACABD7BA50D1}"
EndProject
Global
	GlobalSection(SolutionConfigurationPlatforms) = preSolution
		Debug|Any CPU = Debug|Any CPU
		Debug|x86 = Debug|x86
		Release|Any CPU = Release|Any CPU
		Release|x86 = Release|x86
	EndGlobalSection
	GlobalSection(ProjectConfigurationPlatforms) = postSolution
		{51960F7D-76FE-499F-AFBD-ACABD7BA50D1}.Debug|Any CPU.ActiveCfg = Debug|Any CPU
		{51960F7D-76FE-499F-AFBD-ACABD7BA50D1}.Debug|Any CPU.Build.0 = Debug|Any CPU
		{51960F7D-76FE-499F-AFBD-ACABD7BA50D1}.Debug|x86.ActiveCfg = Debug|x86
		{51960F7D-76FE-499F-AFBD-ACABD7BA50D1}.Debug|x86.Build.0 = Debug|x86
		{51960F7D-76FE-499F-AFBD-ACABD7BA50D1}.Release|Any CPU.ActiveCfg = Release|Any CPU
		{51960F7D-76FE-499F-AFBD-ACABD7BA50D1}.Release|Any CPU.Build.0 = Release|Any CPU
		{51960F7D-76FE-499F-AFBD-ACABD7BA50D1}.Release|x86.ActiveCfg = Release|Any CPU
		{51960F7D-76FE-499F-AFBD-ACABD7BA50D1}.Release|x86.Build.0 = Release|Any CPU
	EndGlobalSection
	GlobalSection(SolutionProperties) = preSolution
		HideSolutionNode = FALSE
	EndGlobalSection
	GlobalSection(ExtensibilityGlobals) = postSolution
		SolutionGuid = {A3265EB5-B0B5-4E25-B88F-84853FD8F07B}
	EndGlobalSection
EndGlobal
